
Microsoft Visual Studio Solution File, Format Version 12.00
Project("{FAE04EC0-301F-11D3-BF4B-00C04F79EFBC}") = "MongoDBConsumer", "MongoDBConsumer.csproj", "{BA1B74C0-24DE-4CC2-960A-87FCCB69CB2B}"
EndProject
Global
	GlobalSection(SolutionConfigurationPlatforms) = preSolution
		Debug|Any CPU = Debug|Any CPU
		Release|Any CPU = Release|Any CPU
	EndGlobalSection
	GlobalSection(ProjectConfigurationPlatforms) = postSolution
		{BA1B74C0-24DE-4CC2-960A-87FCCB69CB2B}.Debug|Any CPU.ActiveCfg = Debug|Any CPU
		{BA1B74C0-24DE-4CC2-960A-87FCCB69CB2B}.Debug|Any CPU.Build.0 = Debug|Any CPU
		{BA1B74C0-24DE-4CC2-960A-87FCCB69CB2B}.Release|Any CPU.ActiveCfg = Release|Any CPU
		{BA1B74C0-24DE-4CC2-960A-87FCCB69CB2B}.Release|Any CPU.Build.0 = Release|Any CPU
	EndGlobalSection
EndGlobal
